
Microsoft Visual Studio Solution File, Format Version 12.00
Project("{FAE04EC0-301F-11D3-BF4B-00C04F79EFBC}") = "PsychologicalAlarm", "PsychologicalAlarm\PsychologicalAlarm.csproj", "{BF404547-E95A-4A0C-8101-BB90F0DF21FE}"
EndProject
Global
	GlobalSection(SolutionConfigurationPlatforms) = preSolution
		Debug|Any CPU = Debug|Any CPU
		Release|Any CPU = Release|Any CPU
	EndGlobalSection
	GlobalSection(ProjectConfigurationPlatforms) = postSolution
		{BF404547-E95A-4A0C-8101-BB90F0DF21FE}.Debug|Any CPU.ActiveCfg = Debug|Any CPU
		{BF404547-E95A-4A0C-8101-BB90F0DF21FE}.Debug|Any CPU.Build.0 = Debug|Any CPU
		{BF404547-E95A-4A0C-8101-BB90F0DF21FE}.Release|Any CPU.ActiveCfg = Release|Any CPU
		{BF404547-E95A-4A0C-8101-BB90F0DF21FE}.Release|Any CPU.Build.0 = Release|Any CPU
	EndGlobalSection
EndGlobal
